
Microsoft Visual Studio Solution File, Format Version 12.00
# Visual Studio Version 17
VisualStudioVersion = 17.14.36811.4 d17.14
MinimumVisualStudioVersion = 10.0.40219.1
Project("{FAE04EC0-301F-11D3-BF4B-00C04F79EFBC}") = "OtoGaleri.DataAccess", "OtoGaleri.DataAccess\OtoGaleri.DataAccess.csproj", "{9DFB2B72-E241-491B-8037-E450DC321263}"
EndProject
Project("{FAE04EC0-301F-11D3-BF4B-00C04F79EFBC}") = "OtoGaleri.Service", "OtoGaleri.Service\OtoGaleri.Service.csproj", "{37EF31DC-28A0-426B-9B22-6C637FEA5373}"
EndProject
Project("{FAE04EC0-301F-11D3-BF4B-00C04F79EFBC}") = "OtoGaleri.WinForms", "OtoGaleri.WinForms\OtoGaleri.WinForms.csproj", "{360C3A35-D5DF-4B3F-B678-D57D24824383}"
EndProject
Global
	GlobalSection(SolutionConfigurationPlatforms) = preSolution
		Debug|Any CPU = Debug|Any CPU
		Release|Any CPU = Release|Any CPU
	EndGlobalSection
	GlobalSection(ProjectConfigurationPlatforms) = postSolution
		{9DFB2B72-E241-491B-8037-E450DC321263}.Debug|Any CPU.ActiveCfg = Debug|Any CPU
		{9DFB2B72-E241-491B-8037-E450DC321263}.Debug|Any CPU.Build.0 = Debug|Any CPU
		{9DFB2B72-E241-491B-8037-E450DC321263}.Release|Any CPU.ActiveCfg = Release|Any CPU
		{9DFB2B72-E241-491B-8037-E450DC321263}.Release|Any CPU.Build.0 = Release|Any CPU
		{37EF31DC-28A0-426B-9B22-6C637FEA5373}.Debug|Any CPU.ActiveCfg = Debug|Any CPU
		{37EF31DC-28A0-426B-9B22-6C637FEA5373}.Debug|Any CPU.Build.0 = Debug|Any CPU
		{37EF31DC-28A0-426B-9B22-6C637FEA5373}.Release|Any CPU.ActiveCfg = Release|Any CPU
		{37EF31DC-28A0-426B-9B22-6C637FEA5373}.Release|Any CPU.Build.0 = Release|Any CPU
		{360C3A35-D5DF-4B3F-B678-D57D24824383}.Debug|Any CPU.ActiveCfg = Debug|Any CPU
		{360C3A35-D5DF-4B3F-B678-D57D24824383}.Debug|Any CPU.Build.0 = Debug|Any CPU
		{360C3A35-D5DF-4B3F-B678-D57D24824383}.Release|Any CPU.ActiveCfg = Release|Any CPU
		{360C3A35-D5DF-4B3F-B678-D57D24824383}.Release|Any CPU.Build.0 = Release|Any CPU
	EndGlobalSection
	GlobalSection(SolutionProperties) = preSolution
		HideSolutionNode = FALSE
	EndGlobalSection
	GlobalSection(ExtensibilityGlobals) = postSolution
		SolutionGuid = {C1D2C8F3-3B17-4551-A25D-2C3BCFAF5507}
	EndGlobalSection
EndGlobal
